
Microsoft Visual Studio Solution File, Format Version 12.00
# Visual Studio Version 17
VisualStudioVersion = 17.1.32328.378
MinimumVisualStudioVersion = 10.0.40219.1
Project("{FAE04EC0-301F-11D3-BF4B-00C04F79EFBC}") = "MVC", "MVC\MVC.csproj", "{C336A1B2-4764-4A8E-B773-C01FFFD6B609}"
EndProject
Global
	GlobalSection(SolutionConfigurationPlatforms) = preSolution
		Debug|Any CPU = Debug|Any CPU
		Release|Any CPU = Release|Any CPU
	EndGlobalSection
	GlobalSection(ProjectConfigurationPlatforms) = postSolution
		{C336A1B2-4764-4A8E-B773-C01FFFD6B609}.Debug|Any CPU.ActiveCfg = Debug|Any CPU
		{C336A1B2-4764-4A8E-B773-C01FFFD6B609}.Debug|Any CPU.Build.0 = Debug|Any CPU
		{C336A1B2-4764-4A8E-B773-C01FFFD6B609}.Release|Any CPU.ActiveCfg = Release|Any CPU
		{C336A1B2-4764-4A8E-B773-C01FFFD6B609}.Release|Any CPU.Build.0 = Release|Any CPU
	EndGlobalSection
	GlobalSection(SolutionProperties) = preSolution
		HideSolutionNode = FALSE
	EndGlobalSection
	GlobalSection(ExtensibilityGlobals) = postSolution
		SolutionGuid = {16AFC16A-0DDB-4CFD-8AA1-DB8AC10876D3}
	EndGlobalSection
EndGlobal
